{
  "nodes": {
    "kmonad": {
      "inputs": {
        "nixpkgs": "nixpkgs"
      },
      "locked": {
        "dir": "nix",
        "lastModified": 1707655140,
        "narHash": "sha256-oyq3hCFqQb5Yi28PCW5k1MJnSuGfdyqOqXYH2mcPK/8=",
        "ref": "refs/heads/master",
        "rev": "70a5e97518c87ff52be4b403d774e88c5c61e3c1",
        "revCount": 785,
        "submodules": true,
        "type": "git",
        "url": "https://github.com/kmonad/kmonad?dir=nix"
      },
      "original": {
        "dir": "nix",
        "submodules": true,
        "type": "git",
        "url": "https://github.com/kmonad/kmonad?dir=nix"
      }
    },
    "nixpkgs": {
      "locked": {
        "lastModified": 1705242415,
        "narHash": "sha256-a8DRYrNrzTudvO7XHUPNJD89Wbf1ZZT0VbwCsPnHWaE=",
        "owner": "NixOS",
        "repo": "nixpkgs",
        "rev": "ea780f3de2d169f982564128804841500e85e373",
        "type": "github"
      },
      "original": {
        "owner": "NixOS",
        "ref": "nixpkgs-unstable",
        "repo": "nixpkgs",
        "type": "github"
      }
    },
    "nixpkgs_2": {
      "locked": {
        "lastModified": 1710534455,
        "narHash": "sha256-huQT4Xs0y4EeFKn2BTBVYgEwJSv8SDlm82uWgMnCMmI=",
        "owner": "NixOS",
        "repo": "nixpkgs",
        "rev": "9af9c1c87ed3e3ed271934cb896e0cdd33dae212",
        "type": "github"
      },
      "original": {
        "id": "nixpkgs",
        "type": "indirect"
      }
    },
    "root": {
      "inputs": {
        "kmonad": "kmonad",
        "nixpkgs": "nixpkgs_2"
      }
    }
  },
  "root": "root",
  "version": 7
}
