{
  "nodes": {
    "kmonad": {
      "inputs": {
        "nixpkgs": "nixpkgs"
      },
      "locked": {
        "dir": "nix",
        "lastModified": 1695227806,
        "narHash": "sha256-wE7mYNGH7GDe8hhax2NKwIggCvcJhCukfcXxSF5J+6s=",
        "ref": "refs/heads/master",
        "rev": "22da3354e6f629f9294c830d8558875d77b5cffc",
        "revCount": 750,
        "submodules": true,
        "type": "git",
        "url": "https://github.com/kmonad/kmonad?dir=nix"
      },
      "original": {
        "dir": "nix",
        "submodules": true,
        "type": "git",
        "url": "https://github.com/kmonad/kmonad?dir=nix"
      }
    },
    "nixpkgs": {
      "locked": {
        "lastModified": 1653326962,
        "narHash": "sha256-W8feCYqKTsMre4nAEpv5Kx1PVFC+hao/LwqtB2Wci/8=",
        "owner": "NixOS",
        "repo": "nixpkgs",
        "rev": "41cc1d5d9584103be4108c1815c350e07c807036",
        "type": "github"
      },
      "original": {
        "owner": "NixOS",
        "ref": "nixpkgs-unstable",
        "repo": "nixpkgs",
        "type": "github"
      }
    },
    "nixpkgs_2": {
      "locked": {
        "lastModified": 1696125185,
        "narHash": "sha256-zJTpVLKg5YhbNJdILfBzYGz9zhM4Cjs5ySaD3eVWcTA=",
        "owner": "NixOS",
        "repo": "nixpkgs",
        "rev": "0396d3b0fb7f62ddc79a506ad3e6124f01d2ed0a",
        "type": "github"
      },
      "original": {
        "id": "nixpkgs",
        "type": "indirect"
      }
    },
    "root": {
      "inputs": {
        "kmonad": "kmonad",
        "nixpkgs": "nixpkgs_2"
      }
    }
  },
  "root": "root",
  "version": 7
}
