{
  "nodes": {
    "nixlib": {
      "locked": {
        "lastModified": 1688259758,
        "narHash": "sha256-CYVbYQfIm3vwciCf6CCYE+WOOLE3vcfxfEfNHIfKUJQ=",
        "owner": "nix-community",
        "repo": "nixpkgs.lib",
        "rev": "a92befce80a487380ea5e92ae515fe33cebd3ac6",
        "type": "github"
      },
      "original": {
        "owner": "nix-community",
        "repo": "nixpkgs.lib",
        "type": "github"
      }
    },
    "nixos-generators": {
      "inputs": {
        "nixlib": "nixlib",
        "nixpkgs": [
          "nixpkgs"
        ]
      },
      "locked": {
        "lastModified": 1685943944,
        "narHash": "sha256-GpaQwOkvwkmSWxvWaZqbMKyyOSaBAwgdEcHCqLW/240=",
        "owner": "nix-community",
        "repo": "nixos-generators",
        "rev": "122dcc32cadf14c5015aa021fae8882c5058263a",
        "type": "github"
      },
      "original": {
        "owner": "nix-community",
        "repo": "nixos-generators",
        "rev": "122dcc32cadf14c5015aa021fae8882c5058263a",
        "type": "github"
      }
    },
    "nixpkgs": {
      "locked": {
        "lastModified": 1688679045,
        "narHash": "sha256-t3xGEfYIwhaLTPU8FLtN/pLPytNeDwbLI6a7XFFBlGo=",
        "owner": "NixOS",
        "repo": "nixpkgs",
        "rev": "3c7487575d9445185249a159046cc02ff364bff8",
        "type": "github"
      },
      "original": {
        "owner": "NixOS",
        "ref": "nixos-unstable",
        "repo": "nixpkgs",
        "type": "github"
      }
    },
    "root": {
      "inputs": {
        "nixos-generators": "nixos-generators",
        "nixpkgs": "nixpkgs"
      }
    }
  },
  "root": "root",
  "version": 7
}
